
Microsoft Visual Studio Solution File, Format Version 12.00
# Visual Studio Version 17
VisualStudioVersion = 17.5.002.0
MinimumVisualStudioVersion = 10.0.40219.1
Project("{9A19103F-16F7-4668-BE54-9A1E7A4F7556}") = "NoteApp", "NoteApp\NoteApp.csproj", "{745D6328-DFE3-4ECF-BE7D-5BE4640A9AC0}"
EndProject
Project("{FAE04EC0-301F-11D3-BF4B-00C04F79EFBC}") = "ATM", "..\ATM\ATM.csproj", "{3AB61407-47C3-4C1F-8428-B7953E6D1245}"
EndProject
Project("{FAE04EC0-301F-11D3-BF4B-00C04F79EFBC}") = "LibaryManagementSystem", "..\LibaryManagementSystem\LibaryManagementSystem.csproj", "{3E3B8306-A468-4ED9-A3EA-626CEC7591D9}"
EndProject
Global
	GlobalSection(SolutionConfigurationPlatforms) = preSolution
		Debug|Any CPU = Debug|Any CPU
		Release|Any CPU = Release|Any CPU
	EndGlobalSection
	GlobalSection(ProjectConfigurationPlatforms) = postSolution
		{745D6328-DFE3-4ECF-BE7D-5BE4640A9AC0}.Debug|Any CPU.ActiveCfg = Debug|Any CPU
		{745D6328-DFE3-4ECF-BE7D-5BE4640A9AC0}.Debug|Any CPU.Build.0 = Debug|Any CPU
		{745D6328-DFE3-4ECF-BE7D-5BE4640A9AC0}.Release|Any CPU.ActiveCfg = Release|Any CPU
		{745D6328-DFE3-4ECF-BE7D-5BE4640A9AC0}.Release|Any CPU.Build.0 = Release|Any CPU
		{3AB61407-47C3-4C1F-8428-B7953E6D1245}.Debug|Any CPU.ActiveCfg = Debug|Any CPU
		{3AB61407-47C3-4C1F-8428-B7953E6D1245}.Debug|Any CPU.Build.0 = Debug|Any CPU
		{3AB61407-47C3-4C1F-8428-B7953E6D1245}.Release|Any CPU.ActiveCfg = Release|Any CPU
		{3AB61407-47C3-4C1F-8428-B7953E6D1245}.Release|Any CPU.Build.0 = Release|Any CPU
		{3E3B8306-A468-4ED9-A3EA-626CEC7591D9}.Debug|Any CPU.ActiveCfg = Debug|Any CPU
		{3E3B8306-A468-4ED9-A3EA-626CEC7591D9}.Debug|Any CPU.Build.0 = Debug|Any CPU
		{3E3B8306-A468-4ED9-A3EA-626CEC7591D9}.Release|Any CPU.ActiveCfg = Release|Any CPU
		{3E3B8306-A468-4ED9-A3EA-626CEC7591D9}.Release|Any CPU.Build.0 = Release|Any CPU
	EndGlobalSection
	GlobalSection(SolutionProperties) = preSolution
		HideSolutionNode = FALSE
	EndGlobalSection
	GlobalSection(ExtensibilityGlobals) = postSolution
		SolutionGuid = {E105A44E-3669-4707-97E9-7DBC8769C997}
	EndGlobalSection
EndGlobal
